FORGE
  remote: https://forgeapi.puppetlabs.com
  specs:
    nanliu-staging (1.0.3)

GIT
  remote: https://github.com/PeterParker/fatmcgav-glassfish.git
  ref: fix_issue_62
  sha: 492251a3a8ad4135e6b7893fb2f04c8b40fc462b
  specs:
    fatmcgav-glassfish (0.7.1)
      puppetlabs-stdlib (< 5.0.0, >= 3.2.0)

GIT
  remote: https://github.com/maestrodev/puppet-maven.git
  ref: v1.4.0
  sha: ddeb7d342a40e3626820f21000a75714488c92f5
  specs:
    puppet-maven (1.4.0)
      maestrodev-wget (>= 1.0.0)

GIT
  remote: https://github.com/maestrodev/puppet-wget.git
  ref: v1.7.1
  sha: ba3b7ea1bcb277a6a8757c57cc56e860abc0f84a
  specs:
    maestrodev-wget (1.7.1)

GIT
  remote: https://github.com/puppetlabs/puppetlabs-firewall.git
  ref: 1.7.2
  sha: 71c659faf38d5e0cf19cfc16bb690b4c450fbd2a
  specs:
    puppetlabs-firewall (1.7.2)

GIT
  remote: https://github.com/puppetlabs/puppetlabs-mysql.git
  ref: 3.6.1
  sha: d095721d7059aab4cf73a0f5a816b0ecd92ca5bd
  specs:
    puppetlabs-mysql (3.6.1)
      nanliu-staging (< 2.0.0, >= 1.0.1)
      puppetlabs-stdlib (< 5.0.0, >= 3.2.0)

GIT
  remote: https://github.com/puppetlabs/puppetlabs-stdlib.git
  ref: 4.9.0
  sha: 05c6587d852800cc69e3a9381ff466ac3aa630d2
  specs:
    puppetlabs-stdlib (4.9.0)

DEPENDENCIES
  fatmcgav-glassfish (>= 0)
  maestrodev-wget (>= 0)
  puppet-maven (>= 0)
  puppetlabs-firewall (>= 0)
  puppetlabs-mysql (>= 0)
  puppetlabs-stdlib (>= 0)

